
Microsoft Visual Studio Solution File, Format Version 12.00
# Visual Studio 15
VisualStudioVersion = 15.0.27130.2027
MinimumVisualStudioVersion = 10.0.40219.1
Project("{9A19103F-16F7-4668-BE54-9A1E7A4F7556}") = "SourceCombiner", "Client\SourceCombiner.csproj", "{784BB0CD-FDB9-4D7E-866C-7AB21C15A0C1}"
EndProject
Project("{9A19103F-16F7-4668-BE54-9A1E7A4F7556}") = "Core", "Core\Core.csproj", "{3F90FFD5-CCBA-454B-AF5C-5E5C0C918F38}"
EndProject
Project("{2150E333-8FDC-42A3-9474-1A3956D46DE8}") = "Build", "Build", "{F45C136C-FA4D-4393-BBCA-FDF3A76FDA38}"
	ProjectSection(SolutionItems) = preProject
		Build\CompiledClass.cs = Build\CompiledClass.cs
	EndProjectSection
EndProject
Global
	GlobalSection(SolutionConfigurationPlatforms) = preSolution
		Debug|Any CPU = Debug|Any CPU
		Release|Any CPU = Release|Any CPU
	EndGlobalSection
	GlobalSection(ProjectConfigurationPlatforms) = postSolution
		{784BB0CD-FDB9-4D7E-866C-7AB21C15A0C1}.Debug|Any CPU.ActiveCfg = Debug|Any CPU
		{784BB0CD-FDB9-4D7E-866C-7AB21C15A0C1}.Debug|Any CPU.Build.0 = Debug|Any CPU
		{784BB0CD-FDB9-4D7E-866C-7AB21C15A0C1}.Release|Any CPU.ActiveCfg = Release|Any CPU
		{784BB0CD-FDB9-4D7E-866C-7AB21C15A0C1}.Release|Any CPU.Build.0 = Release|Any CPU
		{3F90FFD5-CCBA-454B-AF5C-5E5C0C918F38}.Debug|Any CPU.ActiveCfg = Debug|Any CPU
		{3F90FFD5-CCBA-454B-AF5C-5E5C0C918F38}.Debug|Any CPU.Build.0 = Debug|Any CPU
		{3F90FFD5-CCBA-454B-AF5C-5E5C0C918F38}.Release|Any CPU.ActiveCfg = Release|Any CPU
		{3F90FFD5-CCBA-454B-AF5C-5E5C0C918F38}.Release|Any CPU.Build.0 = Release|Any CPU
	EndGlobalSection
	GlobalSection(SolutionProperties) = preSolution
		HideSolutionNode = FALSE
	EndGlobalSection
	GlobalSection(ExtensibilityGlobals) = postSolution
		SolutionGuid = {A8CE8493-F93D-4B5B-A231-9D20F4ADF4EC}
	EndGlobalSection
EndGlobal
